PODS:
  - encrypt_decrypt (0.0.1):
    - Flutter
    - RNCryptor (~> 5.0)
  - Flutter (1.0.0)
  - RNCryptor (5.1.0)

DEPENDENCIES:
  - encrypt_decrypt (from `.symlinks/plugins/encrypt_decrypt/ios`)
  - Flutter (from `Flutter`)

SPEC REPOS:
  trunk:
    - RNCryptor

EXTERNAL SOURCES:
  encrypt_decrypt:
    :path: ".symlinks/plugins/encrypt_decrypt/ios"
  Flutter:
    :path: Flutter

SPEC CHECKSUMS:
  encrypt_decrypt: 6439e1f9fbf1cb2d99ba8f4226f3fcaced9b9d4d
  Flutter: f04841e97a9d0b0a8025694d0796dd46242b2854
  RNCryptor: a369134686cd2ad391323cc856b62e591193ba79

PODFILE CHECKSUM: ef19549a9bc3046e7bb7d2fab4d021637c0c58a3

COCOAPODS: 1.11.3
